
Microsoft Visual Studio Solution File, Format Version 12.00
# Visual Studio 14
VisualStudioVersion = 14.0.23107.0
MinimumVisualStudioVersion = 10.0.40219.1
Project("{FAE04EC0-301F-11D3-BF4B-00C04F79EFBC}") = "OrleansMessenger", "OrleansMessenger\OrleansMessenger.csproj", "{FCFBDD24-9F3E-4D1D-88E7-6B0C7AB60310}"
EndProject
Project("{FAE04EC0-301F-11D3-BF4B-00C04F79EFBC}") = "OrleansMessenger.GrainInterfaces", "OrleansMessenger.GrainInterfaces\OrleansMessenger.GrainInterfaces.csproj", "{0C580C78-41C6-48BD-ABB9-42FF28C0CA97}"
EndProject
Project("{FAE04EC0-301F-11D3-BF4B-00C04F79EFBC}") = "OrleansMessenger.GrainClasses", "OrleansMessenger.GrainClasses\OrleansMessenger.GrainClasses.csproj", "{E7FF9021-EACD-4340-8A98-5FF4645D9A2D}"
EndProject
Project("{FAE04EC0-301F-11D3-BF4B-00C04F79EFBC}") = "OrleansMessenger.Client", "OrleansMessenger.Client\OrleansMessenger.Client.csproj", "{CDE24411-C7DE-42A9-B73C-C0875CAC141E}"
EndProject
Global
	GlobalSection(SolutionConfigurationPlatforms) = preSolution
		Debug|Any CPU = Debug|Any CPU
		Release|Any CPU = Release|Any CPU
	EndGlobalSection
	GlobalSection(ProjectConfigurationPlatforms) = postSolution
		{FCFBDD24-9F3E-4D1D-88E7-6B0C7AB60310}.Debug|Any CPU.ActiveCfg = Debug|Any CPU
		{FCFBDD24-9F3E-4D1D-88E7-6B0C7AB60310}.Debug|Any CPU.Build.0 = Debug|Any CPU
		{FCFBDD24-9F3E-4D1D-88E7-6B0C7AB60310}.Release|Any CPU.ActiveCfg = Release|Any CPU
		{FCFBDD24-9F3E-4D1D-88E7-6B0C7AB60310}.Release|Any CPU.Build.0 = Release|Any CPU
		{0C580C78-41C6-48BD-ABB9-42FF28C0CA97}.Debug|Any CPU.ActiveCfg = Debug|Any CPU
		{0C580C78-41C6-48BD-ABB9-42FF28C0CA97}.Debug|Any CPU.Build.0 = Debug|Any CPU
		{0C580C78-41C6-48BD-ABB9-42FF28C0CA97}.Release|Any CPU.ActiveCfg = Release|Any CPU
		{0C580C78-41C6-48BD-ABB9-42FF28C0CA97}.Release|Any CPU.Build.0 = Release|Any CPU
		{E7FF9021-EACD-4340-8A98-5FF4645D9A2D}.Debug|Any CPU.ActiveCfg = Debug|Any CPU
		{E7FF9021-EACD-4340-8A98-5FF4645D9A2D}.Debug|Any CPU.Build.0 = Debug|Any CPU
		{E7FF9021-EACD-4340-8A98-5FF4645D9A2D}.Release|Any CPU.ActiveCfg = Release|Any CPU
		{E7FF9021-EACD-4340-8A98-5FF4645D9A2D}.Release|Any CPU.Build.0 = Release|Any CPU
		{CDE24411-C7DE-42A9-B73C-C0875CAC141E}.Debug|Any CPU.ActiveCfg = Debug|Any CPU
		{CDE24411-C7DE-42A9-B73C-C0875CAC141E}.Debug|Any CPU.Build.0 = Debug|Any CPU
		{CDE24411-C7DE-42A9-B73C-C0875CAC141E}.Release|Any CPU.ActiveCfg = Release|Any CPU
		{CDE24411-C7DE-42A9-B73C-C0875CAC141E}.Release|Any CPU.Build.0 = Release|Any CPU
	EndGlobalSection
	GlobalSection(SolutionProperties) = preSolution
		HideSolutionNode = FALSE
	EndGlobalSection
EndGlobal
